
Microsoft Visual Studio Solution File, Format Version 12.00
# Visual Studio Version 17
VisualStudioVersion = 17.2.32630.192
MinimumVisualStudioVersion = 10.0.40219.1
Project("{9A19103F-16F7-4668-BE54-9A1E7A4F7556}") = "R5T.L0030.Construction", "R5T.L0030.Construction\R5T.L0030.Construction.csproj", "{3D7C4D76-E9DE-484A-B740-3EEF2B1961EF}"
EndProject
Project("{9A19103F-16F7-4668-BE54-9A1E7A4F7556}") = "R5T.L0030", "R5T.L0030\R5T.L0030.csproj", "{ED6622AE-7A91-41BF-9327-644F1489D88E}"
EndProject
Global
	GlobalSection(SolutionConfigurationPlatforms) = preSolution
		Debug|Any CPU = Debug|Any CPU
		Release|Any CPU = Release|Any CPU
	EndGlobalSection
	GlobalSection(ProjectConfigurationPlatforms) = postSolution
		{3D7C4D76-E9DE-484A-B740-3EEF2B1961EF}.Debug|Any CPU.ActiveCfg = Debug|Any CPU
		{3D7C4D76-E9DE-484A-B740-3EEF2B1961EF}.Debug|Any CPU.Build.0 = Debug|Any CPU
		{3D7C4D76-E9DE-484A-B740-3EEF2B1961EF}.Release|Any CPU.ActiveCfg = Release|Any CPU
		{3D7C4D76-E9DE-484A-B740-3EEF2B1961EF}.Release|Any CPU.Build.0 = Release|Any CPU
		{ED6622AE-7A91-41BF-9327-644F1489D88E}.Debug|Any CPU.ActiveCfg = Debug|Any CPU
		{ED6622AE-7A91-41BF-9327-644F1489D88E}.Debug|Any CPU.Build.0 = Debug|Any CPU
		{ED6622AE-7A91-41BF-9327-644F1489D88E}.Release|Any CPU.ActiveCfg = Release|Any CPU
		{ED6622AE-7A91-41BF-9327-644F1489D88E}.Release|Any CPU.Build.0 = Release|Any CPU
	EndGlobalSection
	GlobalSection(SolutionProperties) = preSolution
		HideSolutionNode = FALSE
	EndGlobalSection
	GlobalSection(ExtensibilityGlobals) = postSolution
		SolutionGuid = {494AA82D-2799-49A5-B077-1BA2083954C6}
	EndGlobalSection
EndGlobal
