
Microsoft Visual Studio Solution File, Format Version 12.00
# Visual Studio Version 17
VisualStudioVersion = 17.2.32630.192
MinimumVisualStudioVersion = 10.0.40219.1
Project("{9A19103F-16F7-4668-BE54-9A1E7A4F7556}") = "R5T.L0030.Construction", "R5T.L0030.Construction\R5T.L0030.Construction.csproj", "{3D7C4D76-E9DE-484A-B740-3EEF2B1961EF}"
EndProject
Project("{9A19103F-16F7-4668-BE54-9A1E7A4F7556}") = "R5T.L0030", "R5T.L0030\R5T.L0030.csproj", "{ED6622AE-7A91-41BF-9327-644F1489D88E}"
EndProject
Project("{9A19103F-16F7-4668-BE54-9A1E7A4F7556}") = "R5T.L0030.Z000", "R5T.L0030.Z000\R5T.L0030.Z000.csproj", "{37A9962F-341E-4EF1-9A58-FFF730547DBE}"
EndProject
Project("{2150E333-8FDC-42A3-9474-1A3956D46DE8}") = "_Dependencies", "_Dependencies", "{AA4FDD70-1973-4FB4-9DEF-B684E2517144}"
EndProject
Project("{9A19103F-16F7-4668-BE54-9A1E7A4F7556}") = "R5T.F0000", "..\..\R5T.F0000\source\R5T.F0000\R5T.F0000.csproj", "{2EB607B6-D7D8-4CED-A605-1A7021B1103E}"
EndProject
Project("{9A19103F-16F7-4668-BE54-9A1E7A4F7556}") = "R5T.T0131", "..\..\R5T.T0131\source\R5T.T0131\R5T.T0131.csproj", "{6D0889B2-A37C-4203-B427-A3FA80D985D5}"
EndProject
Project("{9A19103F-16F7-4668-BE54-9A1E7A4F7556}") = "R5T.T0132", "..\..\R5T.T0132\source\R5T.T0132\R5T.T0132.csproj", "{760C080B-E14A-4DDD-AE28-A74C0E2DEBFF}"
EndProject
Project("{9A19103F-16F7-4668-BE54-9A1E7A4F7556}") = "R5T.T0142", "..\..\R5T.T0142\source\R5T.T0142\R5T.T0142.csproj", "{C134013F-1286-449F-BB9E-50B8DCD44073}"
EndProject
Project("{9A19103F-16F7-4668-BE54-9A1E7A4F7556}") = "R5T.T0143", "..\..\R5T.T0143\source\R5T.T0143\R5T.T0143.csproj", "{6D7C005A-CD49-4838-85EF-51E99B209CB9}"
EndProject
Project("{9A19103F-16F7-4668-BE54-9A1E7A4F7556}") = "R5T.T0156", "..\..\R5T.T0156\source\R5T.T0156\R5T.T0156.csproj", "{886D552C-CC16-4667-9496-7AB24098AEB7}"
EndProject
Project("{9A19103F-16F7-4668-BE54-9A1E7A4F7556}") = "R5T.Y0000", "..\..\R5T.Y0000\source\R5T.Y0000\R5T.Y0000.csproj", "{07CB591B-14C8-4CFE-9D00-AE6E7EB8C678}"
EndProject
Project("{9A19103F-16F7-4668-BE54-9A1E7A4F7556}") = "R5T.Z0000", "..\..\R5T.Z0000\source\R5T.Z0000\R5T.Z0000.csproj", "{A1302D65-E3FE-49EB-BA13-1349E735E7EC}"
EndProject
Project("{9A19103F-16F7-4668-BE54-9A1E7A4F7556}") = "R5T.T0178", "..\..\R5T.T0178\source\R5T.T0178\R5T.T0178.csproj", "{CF0487E4-E06F-4B50-BE30-B1DF369717DE}"
EndProject
Project("{9A19103F-16F7-4668-BE54-9A1E7A4F7556}") = "R5T.T0179", "..\..\R5T.T0179\source\R5T.T0179\R5T.T0179.csproj", "{78CD2FF2-24D9-429A-BC74-6C8EAE0666F6}"
EndProject
Project("{9A19103F-16F7-4668-BE54-9A1E7A4F7556}") = "R5T.T0180", "..\..\R5T.T0180\source\R5T.T0180\R5T.T0180.csproj", "{0CF7E8CE-98EC-41E2-A67B-EF33CB343F12}"
EndProject
Project("{9A19103F-16F7-4668-BE54-9A1E7A4F7556}") = "R5T.T0181", "..\..\R5T.T0181\source\R5T.T0181\R5T.T0181.csproj", "{2A4CC6C9-68BF-494B-9203-4919054DAC37}"
EndProject
Project("{9A19103F-16F7-4668-BE54-9A1E7A4F7556}") = "R5T.F0120", "..\..\R5T.F0120\source\R5T.F0120\R5T.F0120.csproj", "{F491540E-6D76-43F5-9552-AA481EE94B27}"
EndProject
Project("{9A19103F-16F7-4668-BE54-9A1E7A4F7556}") = "R5T.T0141", "..\..\R5T.T0141\source\R5T.T0141\R5T.T0141.csproj", "{411B05AD-BA36-465D-B1EF-DB1BED07F721}"
EndProject
Project("{9A19103F-16F7-4668-BE54-9A1E7A4F7556}") = "R5T.F0002", "..\..\R5T.F0002\source\R5T.F0002\R5T.F0002.csproj", "{488604B2-DECE-45CA-B602-833E6938E1DE}"
EndProject
Project("{9A19103F-16F7-4668-BE54-9A1E7A4F7556}") = "R5T.Z0015", "..\..\R5T.Z0015\source\R5T.Z0015\R5T.Z0015.csproj", "{DC314F44-5F53-42F6-A4D6-5E4AA4400211}"
EndProject
Project("{9A19103F-16F7-4668-BE54-9A1E7A4F7556}") = "R5T.F0033", "..\..\R5T.F0033\source\R5T.F0033\R5T.F0033.csproj", "{BA5B2DC0-D9DF-40CF-9D26-01887F821E0E}"
EndProject
Project("{9A19103F-16F7-4668-BE54-9A1E7A4F7556}") = "R5T.L0030.T000", "R5T.L0030.T000\R5T.L0030.T000.csproj", "{341F05F3-3554-4455-ADE9-7A8B08A439D1}"
EndProject
Global
	GlobalSection(NestedProjects) = preSolution
		{2EB607B6-D7D8-4CED-A605-1A7021B1103E} = {AA4FDD70-1973-4FB4-9DEF-B684E2517144}
		{6D0889B2-A37C-4203-B427-A3FA80D985D5} = {AA4FDD70-1973-4FB4-9DEF-B684E2517144}
		{760C080B-E14A-4DDD-AE28-A74C0E2DEBFF} = {AA4FDD70-1973-4FB4-9DEF-B684E2517144}
		{C134013F-1286-449F-BB9E-50B8DCD44073} = {AA4FDD70-1973-4FB4-9DEF-B684E2517144}
		{6D7C005A-CD49-4838-85EF-51E99B209CB9} = {AA4FDD70-1973-4FB4-9DEF-B684E2517144}
		{886D552C-CC16-4667-9496-7AB24098AEB7} = {AA4FDD70-1973-4FB4-9DEF-B684E2517144}
		{07CB591B-14C8-4CFE-9D00-AE6E7EB8C678} = {AA4FDD70-1973-4FB4-9DEF-B684E2517144}
		{A1302D65-E3FE-49EB-BA13-1349E735E7EC} = {AA4FDD70-1973-4FB4-9DEF-B684E2517144}
		{CF0487E4-E06F-4B50-BE30-B1DF369717DE} = {AA4FDD70-1973-4FB4-9DEF-B684E2517144}
		{78CD2FF2-24D9-429A-BC74-6C8EAE0666F6} = {AA4FDD70-1973-4FB4-9DEF-B684E2517144}
		{0CF7E8CE-98EC-41E2-A67B-EF33CB343F12} = {AA4FDD70-1973-4FB4-9DEF-B684E2517144}
		{2A4CC6C9-68BF-494B-9203-4919054DAC37} = {AA4FDD70-1973-4FB4-9DEF-B684E2517144}
		{F491540E-6D76-43F5-9552-AA481EE94B27} = {AA4FDD70-1973-4FB4-9DEF-B684E2517144}
		{411B05AD-BA36-465D-B1EF-DB1BED07F721} = {AA4FDD70-1973-4FB4-9DEF-B684E2517144}
		{488604B2-DECE-45CA-B602-833E6938E1DE} = {AA4FDD70-1973-4FB4-9DEF-B684E2517144}
		{DC314F44-5F53-42F6-A4D6-5E4AA4400211} = {AA4FDD70-1973-4FB4-9DEF-B684E2517144}
		{BA5B2DC0-D9DF-40CF-9D26-01887F821E0E} = {AA4FDD70-1973-4FB4-9DEF-B684E2517144}
	EndGlobalSection
	GlobalSection(SolutionConfigurationPlatforms) = preSolution
		Debug|Any CPU = Debug|Any CPU
		Release|Any CPU = Release|Any CPU
	EndGlobalSection
	GlobalSection(ProjectConfigurationPlatforms) = postSolution
		{3D7C4D76-E9DE-484A-B740-3EEF2B1961EF}.Debug|Any CPU.ActiveCfg = Debug|Any CPU
		{3D7C4D76-E9DE-484A-B740-3EEF2B1961EF}.Debug|Any CPU.Build.0 = Debug|Any CPU
		{3D7C4D76-E9DE-484A-B740-3EEF2B1961EF}.Release|Any CPU.ActiveCfg = Release|Any CPU
		{3D7C4D76-E9DE-484A-B740-3EEF2B1961EF}.Release|Any CPU.Build.0 = Release|Any CPU
		{ED6622AE-7A91-41BF-9327-644F1489D88E}.Debug|Any CPU.ActiveCfg = Debug|Any CPU
		{ED6622AE-7A91-41BF-9327-644F1489D88E}.Debug|Any CPU.Build.0 = Debug|Any CPU
		{ED6622AE-7A91-41BF-9327-644F1489D88E}.Release|Any CPU.ActiveCfg = Release|Any CPU
		{ED6622AE-7A91-41BF-9327-644F1489D88E}.Release|Any CPU.Build.0 = Release|Any CPU
		{37A9962F-341E-4EF1-9A58-FFF730547DBE}.Debug|Any CPU.ActiveCfg = Debug|Any CPU
		{37A9962F-341E-4EF1-9A58-FFF730547DBE}.Debug|Any CPU.Build.0 = Debug|Any CPU
		{37A9962F-341E-4EF1-9A58-FFF730547DBE}.Release|Any CPU.ActiveCfg = Release|Any CPU
		{37A9962F-341E-4EF1-9A58-FFF730547DBE}.Release|Any CPU.Build.0 = Release|Any CPU
		{2EB607B6-D7D8-4CED-A605-1A7021B1103E}.Debug|Any CPU.ActiveCfg = Debug|Any CPU
		{2EB607B6-D7D8-4CED-A605-1A7021B1103E}.Debug|Any CPU.Build.0 = Debug|Any CPU
		{2EB607B6-D7D8-4CED-A605-1A7021B1103E}.Release|Any CPU.ActiveCfg = Release|Any CPU
		{2EB607B6-D7D8-4CED-A605-1A7021B1103E}.Release|Any CPU.Build.0 = Release|Any CPU
		{6D0889B2-A37C-4203-B427-A3FA80D985D5}.Debug|Any CPU.ActiveCfg = Debug|Any CPU
		{6D0889B2-A37C-4203-B427-A3FA80D985D5}.Debug|Any CPU.Build.0 = Debug|Any CPU
		{6D0889B2-A37C-4203-B427-A3FA80D985D5}.Release|Any CPU.ActiveCfg = Release|Any CPU
		{6D0889B2-A37C-4203-B427-A3FA80D985D5}.Release|Any CPU.Build.0 = Release|Any CPU
		{760C080B-E14A-4DDD-AE28-A74C0E2DEBFF}.Debug|Any CPU.ActiveCfg = Debug|Any CPU
		{760C080B-E14A-4DDD-AE28-A74C0E2DEBFF}.Debug|Any CPU.Build.0 = Debug|Any CPU
		{760C080B-E14A-4DDD-AE28-A74C0E2DEBFF}.Release|Any CPU.ActiveCfg = Release|Any CPU
		{760C080B-E14A-4DDD-AE28-A74C0E2DEBFF}.Release|Any CPU.Build.0 = Release|Any CPU
		{C134013F-1286-449F-BB9E-50B8DCD44073}.Debug|Any CPU.ActiveCfg = Debug|Any CPU
		{C134013F-1286-449F-BB9E-50B8DCD44073}.Debug|Any CPU.Build.0 = Debug|Any CPU
		{C134013F-1286-449F-BB9E-50B8DCD44073}.Release|Any CPU.ActiveCfg = Release|Any CPU
		{C134013F-1286-449F-BB9E-50B8DCD44073}.Release|Any CPU.Build.0 = Release|Any CPU
		{6D7C005A-CD49-4838-85EF-51E99B209CB9}.Debug|Any CPU.ActiveCfg = Debug|Any CPU
		{6D7C005A-CD49-4838-85EF-51E99B209CB9}.Debug|Any CPU.Build.0 = Debug|Any CPU
		{6D7C005A-CD49-4838-85EF-51E99B209CB9}.Release|Any CPU.ActiveCfg = Release|Any CPU
		{6D7C005A-CD49-4838-85EF-51E99B209CB9}.Release|Any CPU.Build.0 = Release|Any CPU
		{886D552C-CC16-4667-9496-7AB24098AEB7}.Debug|Any CPU.ActiveCfg = Debug|Any CPU
		{886D552C-CC16-4667-9496-7AB24098AEB7}.Debug|Any CPU.Build.0 = Debug|Any CPU
		{886D552C-CC16-4667-9496-7AB24098AEB7}.Release|Any CPU.ActiveCfg = Release|Any CPU
		{886D552C-CC16-4667-9496-7AB24098AEB7}.Release|Any CPU.Build.0 = Release|Any CPU
		{07CB591B-14C8-4CFE-9D00-AE6E7EB8C678}.Debug|Any CPU.ActiveCfg = Debug|Any CPU
		{07CB591B-14C8-4CFE-9D00-AE6E7EB8C678}.Debug|Any CPU.Build.0 = Debug|Any CPU
		{07CB591B-14C8-4CFE-9D00-AE6E7EB8C678}.Release|Any CPU.ActiveCfg = Release|Any CPU
		{07CB591B-14C8-4CFE-9D00-AE6E7EB8C678}.Release|Any CPU.Build.0 = Release|Any CPU
		{A1302D65-E3FE-49EB-BA13-1349E735E7EC}.Debug|Any CPU.ActiveCfg = Debug|Any CPU
		{A1302D65-E3FE-49EB-BA13-1349E735E7EC}.Debug|Any CPU.Build.0 = Debug|Any CPU
		{A1302D65-E3FE-49EB-BA13-1349E735E7EC}.Release|Any CPU.ActiveCfg = Release|Any CPU
		{A1302D65-E3FE-49EB-BA13-1349E735E7EC}.Release|Any CPU.Build.0 = Release|Any CPU
		{CF0487E4-E06F-4B50-BE30-B1DF369717DE}.Debug|Any CPU.ActiveCfg = Debug|Any CPU
		{CF0487E4-E06F-4B50-BE30-B1DF369717DE}.Debug|Any CPU.Build.0 = Debug|Any CPU
		{CF0487E4-E06F-4B50-BE30-B1DF369717DE}.Release|Any CPU.ActiveCfg = Release|Any CPU
		{CF0487E4-E06F-4B50-BE30-B1DF369717DE}.Release|Any CPU.Build.0 = Release|Any CPU
		{78CD2FF2-24D9-429A-BC74-6C8EAE0666F6}.Debug|Any CPU.ActiveCfg = Debug|Any CPU
		{78CD2FF2-24D9-429A-BC74-6C8EAE0666F6}.Debug|Any CPU.Build.0 = Debug|Any CPU
		{78CD2FF2-24D9-429A-BC74-6C8EAE0666F6}.Release|Any CPU.ActiveCfg = Release|Any CPU
		{78CD2FF2-24D9-429A-BC74-6C8EAE0666F6}.Release|Any CPU.Build.0 = Release|Any CPU
		{0CF7E8CE-98EC-41E2-A67B-EF33CB343F12}.Debug|Any CPU.ActiveCfg = Debug|Any CPU
		{0CF7E8CE-98EC-41E2-A67B-EF33CB343F12}.Debug|Any CPU.Build.0 = Debug|Any CPU
		{0CF7E8CE-98EC-41E2-A67B-EF33CB343F12}.Release|Any CPU.ActiveCfg = Release|Any CPU
		{0CF7E8CE-98EC-41E2-A67B-EF33CB343F12}.Release|Any CPU.Build.0 = Release|Any CPU
		{2A4CC6C9-68BF-494B-9203-4919054DAC37}.Debug|Any CPU.ActiveCfg = Debug|Any CPU
		{2A4CC6C9-68BF-494B-9203-4919054DAC37}.Debug|Any CPU.Build.0 = Debug|Any CPU
		{2A4CC6C9-68BF-494B-9203-4919054DAC37}.Release|Any CPU.ActiveCfg = Release|Any CPU
		{2A4CC6C9-68BF-494B-9203-4919054DAC37}.Release|Any CPU.Build.0 = Release|Any CPU
		{F491540E-6D76-43F5-9552-AA481EE94B27}.Debug|Any CPU.ActiveCfg = Debug|Any CPU
		{F491540E-6D76-43F5-9552-AA481EE94B27}.Debug|Any CPU.Build.0 = Debug|Any CPU
		{F491540E-6D76-43F5-9552-AA481EE94B27}.Release|Any CPU.ActiveCfg = Release|Any CPU
		{F491540E-6D76-43F5-9552-AA481EE94B27}.Release|Any CPU.Build.0 = Release|Any CPU
		{411B05AD-BA36-465D-B1EF-DB1BED07F721}.Debug|Any CPU.ActiveCfg = Debug|Any CPU
		{411B05AD-BA36-465D-B1EF-DB1BED07F721}.Debug|Any CPU.Build.0 = Debug|Any CPU
		{411B05AD-BA36-465D-B1EF-DB1BED07F721}.Release|Any CPU.ActiveCfg = Release|Any CPU
		{411B05AD-BA36-465D-B1EF-DB1BED07F721}.Release|Any CPU.Build.0 = Release|Any CPU
		{488604B2-DECE-45CA-B602-833E6938E1DE}.Debug|Any CPU.ActiveCfg = Debug|Any CPU
		{488604B2-DECE-45CA-B602-833E6938E1DE}.Debug|Any CPU.Build.0 = Debug|Any CPU
		{488604B2-DECE-45CA-B602-833E6938E1DE}.Release|Any CPU.ActiveCfg = Release|Any CPU
		{488604B2-DECE-45CA-B602-833E6938E1DE}.Release|Any CPU.Build.0 = Release|Any CPU
		{DC314F44-5F53-42F6-A4D6-5E4AA4400211}.Debug|Any CPU.ActiveCfg = Debug|Any CPU
		{DC314F44-5F53-42F6-A4D6-5E4AA4400211}.Debug|Any CPU.Build.0 = Debug|Any CPU
		{DC314F44-5F53-42F6-A4D6-5E4AA4400211}.Release|Any CPU.ActiveCfg = Release|Any CPU
		{DC314F44-5F53-42F6-A4D6-5E4AA4400211}.Release|Any CPU.Build.0 = Release|Any CPU
		{BA5B2DC0-D9DF-40CF-9D26-01887F821E0E}.Debug|Any CPU.ActiveCfg = Debug|Any CPU
		{BA5B2DC0-D9DF-40CF-9D26-01887F821E0E}.Debug|Any CPU.Build.0 = Debug|Any CPU
		{BA5B2DC0-D9DF-40CF-9D26-01887F821E0E}.Release|Any CPU.ActiveCfg = Release|Any CPU
		{BA5B2DC0-D9DF-40CF-9D26-01887F821E0E}.Release|Any CPU.Build.0 = Release|Any CPU
		{341F05F3-3554-4455-ADE9-7A8B08A439D1}.Debug|Any CPU.ActiveCfg = Debug|Any CPU
		{341F05F3-3554-4455-ADE9-7A8B08A439D1}.Debug|Any CPU.Build.0 = Debug|Any CPU
		{341F05F3-3554-4455-ADE9-7A8B08A439D1}.Release|Any CPU.ActiveCfg = Release|Any CPU
		{341F05F3-3554-4455-ADE9-7A8B08A439D1}.Release|Any CPU.Build.0 = Release|Any CPU
	EndGlobalSection
	GlobalSection(SolutionProperties) = preSolution
		HideSolutionNode = FALSE
	EndGlobalSection
	GlobalSection(ExtensibilityGlobals) = postSolution
		SolutionGuid = {494AA82D-2799-49A5-B077-1BA2083954C6}
	EndGlobalSection
EndGlobal
